// !$*UTF8*$!
{
	archiveVersion = 1;
	classes = {
	};
	objectVersion = 56;
	objects = {

/* Begin PBXBuildFile section */
		CD22BCDC298A85E900E5697B /* Constant.swift in Sources */ = {isa = PBXBuildFile; fileRef = CD22BCDB298A85E900E5697B /* Constant.swift */; };
		CD22BCDE298A8A5100E5697B /* List.swift in Sources */ = {isa = PBXBuildFile; fileRef = CD22BCDD298A8A5100E5697B /* List.swift */; };
		CD22BCE0298A8A6B00E5697B /* Task.swift in Sources */ = {isa = PBXBuildFile; fileRef = CD22BCDF298A8A6B00E5697B /* Task.swift */; };
		CD22BCE2298A949600E5697B /* ListCell.swift in Sources */ = {isa = PBXBuildFile; fileRef = CD22BCE1298A949600E5697B /* ListCell.swift */; };
		CD22BCE4298AA9CB00E5697B /* DataStorage.swift in Sources */ = {isa = PBXBuildFile; fileRef = CD22BCE3298AA9CB00E5697B /* DataStorage.swift */; };
		CD22BCE7298AAFAF00E5697B /* ViewController++.swift in Sources */ = {isa = PBXBuildFile; fileRef = CD22BCE6298AAFAF00E5697B /* ViewController++.swift */; };
		CD994CF2298A4A4800DE6B98 /* AppDelegate.swift in Sources */ = {isa = PBXBuildFile; fileRef = CD994CF1298A4A4800DE6B98 /* AppDelegate.swift */; };
		CD994CF4298A4A4800DE6B98 /* SceneDelegate.swift in Sources */ = {isa = PBXBuildFile; fileRef = CD994CF3298A4A4800DE6B98 /* SceneDelegate.swift */; };
		CD994CF6298A4A4800DE6B98 /* RootViewController.swift in Sources */ = {isa = PBXBuildFile; fileRef = CD994CF5298A4A4800DE6B98 /* RootViewController.swift */; };
		CD994CFB298A4A4900DE6B98 /* Assets.xcassets in Resources */ = {isa = PBXBuildFile; fileRef = CD994CFA298A4A4900DE6B98 /* Assets.xcassets */; };
		CD994CFE298A4A4900DE6B98 /* LaunchScreen.storyboard in Resources */ = {isa = PBXBuildFile; fileRef = CD994CFC298A4A4900DE6B98 /* LaunchScreen.storyboard */; };
		CD994D06298A4C6300DE6B98 /* Model.swift in Sources */ = {isa = PBXBuildFile; fileRef = CD994D05298A4C6300DE6B98 /* Model.swift */; };
		CD994D08298A5D1900DE6B98 /* Presenter.swift in Sources */ = {isa = PBXBuildFile; fileRef = CD994D07298A5D1900DE6B98 /* Presenter.swift */; };
		CD994D10298A5E1700DE6B98 /* Builder.swift in Sources */ = {isa = PBXBuildFile; fileRef = CD994D0F298A5E1700DE6B98 /* Builder.swift */; };
		CD994D12298A635900DE6B98 /* TaskCell.swift in Sources */ = {isa = PBXBuildFile; fileRef = CD994D11298A635900DE6B98 /* TaskCell.swift */; };
/* End PBXBuildFile section */

/* Begin PBXFileReference section */
		CD22BCDB298A85E900E5697B /* Constant.swift */ = {isa = PBXFileReference; lastKnownFileType = sourcecode.swift; path = Constant.swift; sourceTree = "<group>"; };
		CD22BCDD298A8A5100E5697B /* List.swift */ = {isa = PBXFileReference; lastKnownFileType = sourcecode.swift; path = List.swift; sourceTree = "<group>"; };
		CD22BCDF298A8A6B00E5697B /* Task.swift */ = {isa = PBXFileReference; lastKnownFileType = sourcecode.swift; path = Task.swift; sourceTree = "<group>"; };
		CD22BCE1298A949600E5697B /* ListCell.swift */ = {isa = PBXFileReference; lastKnownFileType = sourcecode.swift; path = ListCell.swift; sourceTree = "<group>"; };
		CD22BCE3298AA9CB00E5697B /* DataStorage.swift */ = {isa = PBXFileReference; lastKnownFileType = sourcecode.swift; path = DataStorage.swift; sourceTree = "<group>"; };
		CD22BCE6298AAFAF00E5697B /* ViewController++.swift */ = {isa = PBXFileReference; lastKnownFileType = sourcecode.swift; path = "ViewController++.swift"; sourceTree = "<group>"; };
		CD994CEE298A4A4800DE6B98 /* TaskManager.app */ = {isa = PBXFileReference; explicitFileType = wrapper.application; includeInIndex = 0; path = TaskManager.app; sourceTree = BUILT_PRODUCTS_DIR; };
		CD994CF1298A4A4800DE6B98 /* AppDelegate.swift */ = {isa = PBXFileReference; lastKnownFileType = sourcecode.swift; path = AppDelegate.swift; sourceTree = "<group>"; };
		CD994CF3298A4A4800DE6B98 /* SceneDelegate.swift */ = {isa = PBXFileReference; lastKnownFileType = sourcecode.swift; path = SceneDelegate.swift; sourceTree = "<group>"; };
		CD994CF5298A4A4800DE6B98 /* RootViewController.swift */ = {isa = PBXFileReference; lastKnownFileType = sourcecode.swift; path = RootViewController.swift; sourceTree = "<group>"; };
		CD994CFA298A4A4900DE6B98 /* Assets.xcassets */ = {isa = PBXFileReference; lastKnownFileType = folder.assetcatalog; path = Assets.xcassets; sourceTree = "<group>"; };
		CD994CFD298A4A4900DE6B98 /* Base */ = {isa = PBXFileReference; lastKnownFileType = file.storyboard; name = Base; path = Base.lproj/LaunchScreen.storyboard; sourceTree = "<group>"; };
		CD994CFF298A4A4900DE6B98 /* Info.plist */ = {isa = PBXFileReference; lastKnownFileType = text.plist.xml; path = Info.plist; sourceTree = "<group>"; };
		CD994D05298A4C6300DE6B98 /* Model.swift */ = {isa = PBXFileReference; lastKnownFileType = sourcecode.swift; path = Model.swift; sourceTree = "<group>"; };
		CD994D07298A5D1900DE6B98 /* Presenter.swift */ = {isa = PBXFileReference; lastKnownFileType = sourcecode.swift; path = Presenter.swift; sourceTree = "<group>"; };
		CD994D0F298A5E1700DE6B98 /* Builder.swift */ = {isa = PBXFileReference; lastKnownFileType = sourcecode.swift; path = Builder.swift; sourceTree = "<group>"; };
		CD994D11298A635900DE6B98 /* TaskCell.swift */ = {isa = PBXFileReference; lastKnownFileType = sourcecode.swift; path = TaskCell.swift; sourceTree = "<group>"; };
/* End PBXFileReference section */

/* Begin PBXFrameworksBuildPhase section */
		CD994CEB298A4A4800DE6B98 /* Frameworks */ = {
			isa = PBXFrameworksBuildPhase;
			buildActionMask = 2147483647;
			files = (
			);
			runOnlyForDeploymentPostprocessing = 0;
		};
/* End PBXFrameworksBuildPhase section */

/* Begin PBXGroup section */
		CD22BCE5298AAFA200E5697B /* Extensions */ = {
			isa = PBXGroup;
			children = (
				CD22BCE6298AAFAF00E5697B /* ViewController++.swift */,
			);
			path = Extensions;
			sourceTree = "<group>";
		};
		CD994CE5298A4A4800DE6B98 = {
			isa = PBXGroup;
			children = (
				CD994CF0298A4A4800DE6B98 /* TaskManager */,
				CD994CEF298A4A4800DE6B98 /* Products */,
			);
			sourceTree = "<group>";
		};
		CD994CEF298A4A4800DE6B98 /* Products */ = {
			isa = PBXGroup;
			children = (
				CD994CEE298A4A4800DE6B98 /* TaskManager.app */,
			);
			name = Products;
			sourceTree = "<group>";
		};
		CD994CF0298A4A4800DE6B98 /* TaskManager */ = {
			isa = PBXGroup;
			children = (
				CD22BCE5298AAFA200E5697B /* Extensions */,
				CD994D0E298A5E0C00DE6B98 /* Services */,
				CD994D0C298A5D4900DE6B98 /* App */,
				CD994D0B298A5D2C00DE6B98 /* View */,
				CD994D09298A5D1D00DE6B98 /* Presenter */,
				CD994D0A298A5D2400DE6B98 /* Model */,
				CD994D0D298A5D5000DE6B98 /* Resources */,
				CD994CFF298A4A4900DE6B98 /* Info.plist */,
			);
			path = TaskManager;
			sourceTree = "<group>";
		};
		CD994D09298A5D1D00DE6B98 /* Presenter */ = {
			isa = PBXGroup;
			children = (
				CD994D07298A5D1900DE6B98 /* Presenter.swift */,
			);
			path = Presenter;
			sourceTree = "<group>";
		};
		CD994D0A298A5D2400DE6B98 /* Model */ = {
			isa = PBXGroup;
			children = (
				CD994D05298A4C6300DE6B98 /* Model.swift */,
				CD22BCDD298A8A5100E5697B /* List.swift */,
				CD22BCDF298A8A6B00E5697B /* Task.swift */,
			);
			path = Model;
			sourceTree = "<group>";
		};
		CD994D0B298A5D2C00DE6B98 /* View */ = {
			isa = PBXGroup;
			children = (
				CD994CF5298A4A4800DE6B98 /* RootViewController.swift */,
				CD994D11298A635900DE6B98 /* TaskCell.swift */,
				CD22BCE1298A949600E5697B /* ListCell.swift */,
			);
			path = View;
			sourceTree = "<group>";
		};
		CD994D0C298A5D4900DE6B98 /* App */ = {
			isa = PBXGroup;
			children = (
				CD994CF1298A4A4800DE6B98 /* AppDelegate.swift */,
				CD994CF3298A4A4800DE6B98 /* SceneDelegate.swift */,
			);
			path = App;
			sourceTree = "<group>";
		};
		CD994D0D298A5D5000DE6B98 /* Resources */ = {
			isa = PBXGroup;
			children = (
				CD994CFA298A4A4900DE6B98 /* Assets.xcassets */,
				CD994CFC298A4A4900DE6B98 /* LaunchScreen.storyboard */,
			);
			path = Resources;
			sourceTree = "<group>";
		};
		CD994D0E298A5E0C00DE6B98 /* Services */ = {
			isa = PBXGroup;
			children = (
				CD994D0F298A5E1700DE6B98 /* Builder.swift */,
				CD22BCE3298AA9CB00E5697B /* DataStorage.swift */,
				CD22BCDB298A85E900E5697B /* Constant.swift */,
			);
			path = Services;
			sourceTree = "<group>";
		};
/* End PBXGroup section */

/* Begin PBXNativeTarget section */
		CD994CED298A4A4800DE6B98 /* TaskManager */ = {
			isa = PBXNativeTarget;
			buildConfigurationList = CD994D02298A4A4900DE6B98 /* Build configuration list for PBXNativeTarget "TaskManager" */;
			buildPhases = (
				CD994CEA298A4A4800DE6B98 /* Sources */,
				CD994CEB298A4A4800DE6B98 /* Frameworks */,
				CD994CEC298A4A4800DE6B98 /* Resources */,
			);
			buildRules = (
			);
			dependencies = (
			);
			name = TaskManager;
			productName = TaskManager;
			productReference = CD994CEE298A4A4800DE6B98 /* TaskManager.app */;
			productType = "com.apple.product-type.application";
		};
/* End PBXNativeTarget section */

/* Begin PBXProject section */
		CD994CE6298A4A4800DE6B98 /* Project object */ = {
			isa = PBXProject;
			attributes = {
				BuildIndependentTargetsInParallel = 1;
				LastSwiftUpdateCheck = 1420;
				LastUpgradeCheck = 1420;
				TargetAttributes = {
					CD994CED298A4A4800DE6B98 = {
						CreatedOnToolsVersion = 14.2;
					};
				};
			};
			buildConfigurationList = CD994CE9298A4A4800DE6B98 /* Build configuration list for PBXProject "TaskManager" */;
			compatibilityVersion = "Xcode 14.0";
			developmentRegion = en;
			hasScannedForEncodings = 0;
			knownRegions = (
				en,
				Base,
			);
			mainGroup = CD994CE5298A4A4800DE6B98;
			productRefGroup = CD994CEF298A4A4800DE6B98 /* Products */;
			projectDirPath = "";
			projectRoot = "";
			targets = (
				CD994CED298A4A4800DE6B98 /* TaskManager */,
			);
		};
/* End PBXProject section */

/* Begin PBXResourcesBuildPhase section */
		CD994CEC298A4A4800DE6B98 /* Resources */ = {
			isa = PBXResourcesBuildPhase;
			buildActionMask = 2147483647;
			files = (
				CD994CFE298A4A4900DE6B98 /* LaunchScreen.storyboard in Resources */,
				CD994CFB298A4A4900DE6B98 /* Assets.xcassets in Resources */,
			);
			runOnlyForDeploymentPostprocessing = 0;
		};
/* End PBXResourcesBuildPhase section */

/* Begin PBXSourcesBuildPhase section */
		CD994CEA298A4A4800DE6B98 /* Sources */ = {
			isa = PBXSourcesBuildPhase;
			buildActionMask = 2147483647;
			files = (
				CD994CF6298A4A4800DE6B98 /* RootViewController.swift in Sources */,
				CD994CF2298A4A4800DE6B98 /* AppDelegate.swift in Sources */,
				CD22BCE7298AAFAF00E5697B /* ViewController++.swift in Sources */,
				CD22BCE0298A8A6B00E5697B /* Task.swift in Sources */,
				CD22BCE4298AA9CB00E5697B /* DataStorage.swift in Sources */,
				CD994D12298A635900DE6B98 /* TaskCell.swift in Sources */,
				CD22BCDC298A85E900E5697B /* Constant.swift in Sources */,
				CD994CF4298A4A4800DE6B98 /* SceneDelegate.swift in Sources */,
				CD22BCE2298A949600E5697B /* ListCell.swift in Sources */,
				CD994D06298A4C6300DE6B98 /* Model.swift in Sources */,
				CD994D08298A5D1900DE6B98 /* Presenter.swift in Sources */,
				CD994D10298A5E1700DE6B98 /* Builder.swift in Sources */,
				CD22BCDE298A8A5100E5697B /* List.swift in Sources */,
			);
			runOnlyForDeploymentPostprocessing = 0;
		};
/* End PBXSourcesBuildPhase section */

/* Begin PBXVariantGroup section */
		CD994CFC298A4A4900DE6B98 /* LaunchScreen.storyboard */ = {
			isa = PBXVariantGroup;
			children = (
				CD994CFD298A4A4900DE6B98 /* Base */,
			);
			name = LaunchScreen.storyboard;
			sourceTree = "<group>";
		};
/* End PBXVariantGroup section */

/* Begin XCBuildConfiguration section */
		CD994D00298A4A4900DE6B98 /* Debug */ = {
			isa = XCBuildConfiguration;
			buildSettings = {
				ALWAYS_SEARCH_USER_PATHS = NO;
				CLANG_ANALYZER_NONNULL = YES;
				CLANG_ANALYZER_NUMBER_OBJECT_CONVERSION = YES_AGGRESSIVE;
				CLANG_CXX_LANGUAGE_STANDARD = "gnu++20";
				CLANG_ENABLE_MODULES = YES;
				CLANG_ENABLE_OBJC_ARC = YES;
				CLANG_ENABLE_OBJC_WEAK = YES;
				CLANG_WARN_BLOCK_CAPTURE_AUTORELEASING = YES;
				CLANG_WARN_BOOL_CONVERSION = YES;
				CLANG_WARN_COMMA = YES;
				CLANG_WARN_CONSTANT_CONVERSION = YES;
				CLANG_WARN_DEPRECATED_OBJC_IMPLEMENTATIONS = YES;
				CLANG_WARN_DIRECT_OBJC_ISA_USAGE = YES_ERROR;
				CLANG_WARN_DOCUMENTATION_COMMENTS = YES;
				CLANG_WARN_EMPTY_BODY = YES;
				CLANG_WARN_ENUM_CONVERSION = YES;
				CLANG_WARN_INFINITE_RECURSION = YES;
				CLANG_WARN_INT_CONVERSION = YES;
				CLANG_WARN_NON_LITERAL_NULL_CONVERSION = YES;
				CLANG_WARN_OBJC_IMPLICIT_RETAIN_SELF = YES;
				CLANG_WARN_OBJC_LITERAL_CONVERSION = YES;
				CLANG_WARN_OBJC_ROOT_CLASS = YES_ERROR;
				CLANG_WARN_QUOTED_INCLUDE_IN_FRAMEWORK_HEADER = YES;
				CLANG_WARN_RANGE_LOOP_ANALYSIS = YES;
				CLANG_WARN_STRICT_PROTOTYPES = YES;
				CLANG_WARN_SUSPICIOUS_MOVE = YES;
				CLANG_WARN_UNGUARDED_AVAILABILITY = YES_AGGRESSIVE;
				CLANG_WARN_UNREACHABLE_CODE = YES;
				CLANG_WARN__DUPLICATE_METHOD_MATCH = YES;
				COPY_PHASE_STRIP = NO;
				DEBUG_INFORMATION_FORMAT = dwarf;
				ENABLE_STRICT_OBJC_MSGSEND = YES;
				ENABLE_TESTABILITY = YES;
				GCC_C_LANGUAGE_STANDARD = gnu11;
				GCC_DYNAMIC_NO_PIC = NO;
				GCC_NO_COMMON_BLOCKS = YES;
				GCC_OPTIMIZATION_LEVEL = 0;
				GCC_PREPROCESSOR_DEFINITIONS = (
					"DEBUG=1",
					"$(inherited)",
				);
				GCC_WARN_64_TO_32_BIT_CONVERSION = YES;
				GCC_WARN_ABOUT_RETURN_TYPE = YES_ERROR;
				GCC_WARN_UNDECLARED_SELECTOR = YES;
				GCC_WARN_UNINITIALIZED_AUTOS = YES_AGGRESSIVE;
				GCC_WARN_UNUSED_FUNCTION = YES;
				GCC_WARN_UNUSED_VARIABLE = YES;
				IPHONEOS_DEPLOYMENT_TARGET = 16.2;
				MTL_ENABLE_DEBUG_INFO = INCLUDE_SOURCE;
				MTL_FAST_MATH = YES;
				ONLY_ACTIVE_ARCH = YES;
				SDKROOT = iphoneos;
				SWIFT_ACTIVE_COMPILATION_CONDITIONS = DEBUG;
				SWIFT_OPTIMIZATION_LEVEL = "-Onone";
			};
			name = Debug;
		};
		CD994D01298A4A4900DE6B98 /* Release */ = {
			isa = XCBuildConfiguration;
			buildSettings = {
				ALWAYS_SEARCH_USER_PATHS = NO;
				CLANG_ANALYZER_NONNULL = YES;
				CLANG_ANALYZER_NUMBER_OBJECT_CONVERSION = YES_AGGRESSIVE;
				CLANG_CXX_LANGUAGE_STANDARD = "gnu++20";
				CLANG_ENABLE_MODULES = YES;
				CLANG_ENABLE_OBJC_ARC = YES;
				CLANG_ENABLE_OBJC_WEAK = YES;
				CLANG_WARN_BLOCK_CAPTURE_AUTORELEASING = YES;
				CLANG_WARN_BOOL_CONVERSION = YES;
				CLANG_WARN_COMMA = YES;
				CLANG_WARN_CONSTANT_CONVERSION = YES;
				CLANG_WARN_DEPRECATED_OBJC_IMPLEMENTATIONS = YES;
				CLANG_WARN_DIRECT_OBJC_ISA_USAGE = YES_ERROR;
				CLANG_WARN_DOCUMENTATION_COMMENTS = YES;
				CLANG_WARN_EMPTY_BODY = YES;
				CLANG_WARN_ENUM_CONVERSION = YES;
				CLANG_WARN_INFINITE_RECURSION = YES;
				CLANG_WARN_INT_CONVERSION = YES;
				CLANG_WARN_NON_LITERAL_NULL_CONVERSION = YES;
				CLANG_WARN_OBJC_IMPLICIT_RETAIN_SELF = YES;
				CLANG_WARN_OBJC_LITERAL_CONVERSION = YES;
				CLANG_WARN_OBJC_ROOT_CLASS = YES_ERROR;
				CLANG_WARN_QUOTED_INCLUDE_IN_FRAMEWORK_HEADER = YES;
				CLANG_WARN_RANGE_LOOP_ANALYSIS = YES;
				CLANG_WARN_STRICT_PROTOTYPES = YES;
				CLANG_WARN_SUSPICIOUS_MOVE = YES;
				CLANG_WARN_UNGUARDED_AVAILABILITY = YES_AGGRESSIVE;
				CLANG_WARN_UNREACHABLE_CODE = YES;
				CLANG_WARN__DUPLICATE_METHOD_MATCH = YES;
				COPY_PHASE_STRIP = NO;
				DEBUG_INFORMATION_FORMAT = "dwarf-with-dsym";
				ENABLE_NS_ASSERTIONS = NO;
				ENABLE_STRICT_OBJC_MSGSEND = YES;
				GCC_C_LANGUAGE_STANDARD = gnu11;
				GCC_NO_COMMON_BLOCKS = YES;
				GCC_WARN_64_TO_32_BIT_CONVERSION = YES;
				GCC_WARN_ABOUT_RETURN_TYPE = YES_ERROR;
				GCC_WARN_UNDECLARED_SELECTOR = YES;
				GCC_WARN_UNINITIALIZED_AUTOS = YES_AGGRESSIVE;
				GCC_WARN_UNUSED_FUNCTION = YES;
				GCC_WARN_UNUSED_VARIABLE = YES;
				IPHONEOS_DEPLOYMENT_TARGET = 16.2;
				MTL_ENABLE_DEBUG_INFO = NO;
				MTL_FAST_MATH = YES;
				SDKROOT = iphoneos;
				SWIFT_COMPILATION_MODE = wholemodule;
				SWIFT_OPTIMIZATION_LEVEL = "-O";
				VALIDATE_PRODUCT = YES;
			};
			name = Release;
		};
		CD994D03298A4A4900DE6B98 /* Debug */ = {
			isa = XCBuildConfiguration;
			buildSettings = {
				ASSETCATALOG_COMPILER_APPICON_NAME = AppIcon;
				ASSETCATALOG_COMPILER_GLOBAL_ACCENT_COLOR_NAME = AccentColor;
				CODE_SIGN_STYLE = Automatic;
				CURRENT_PROJECT_VERSION = 1;
				GENERATE_INFOPLIST_FILE = YES;
				INFOPLIST_FILE = TaskManager/Info.plist;
				INFOPLIST_KEY_UIApplicationSupportsIndirectInputEvents = YES;
				INFOPLIST_KEY_UILaunchStoryboardName = LaunchScreen;
				INFOPLIST_KEY_UIMainStoryboardFile = "";
				INFOPLIST_KEY_UISupportedInterfaceOrientations_iPad = "UIInterfaceOrientationPortrait UIInterfaceOrientationPortraitUpsideDown UIInterfaceOrientationLandscapeLeft UIInterfaceOrientationLandscapeRight";
				INFOPLIST_KEY_UISupportedInterfaceOrientations_iPhone = "UIInterfaceOrientationPortrait UIInterfaceOrientationLandscapeLeft UIInterfaceOrientationLandscapeRight";
				IPHONEOS_DEPLOYMENT_TARGET = 15.0;
				LD_RUNPATH_SEARCH_PATHS = (
					"$(inherited)",
					"@executable_path/Frameworks",
				);
				MARKETING_VERSION = 1.0;
				PRODUCT_BUNDLE_IDENTIFIER = oldmaker.TaskManager;
				PRODUCT_NAME = "$(TARGET_NAME)";
				SWIFT_EMIT_LOC_STRINGS = YES;
				SWIFT_VERSION = 5.0;
				TARGETED_DEVICE_FAMILY = "1,2";
			};
			name = Debug;
		};
		CD994D04298A4A4900DE6B98 /* Release */ = {
			isa = XCBuildConfiguration;
			buildSettings = {
				ASSETCATALOG_COMPILER_APPICON_NAME = AppIcon;
				ASSETCATALOG_COMPILER_GLOBAL_ACCENT_COLOR_NAME = AccentColor;
				CODE_SIGN_STYLE = Automatic;
				CURRENT_PROJECT_VERSION = 1;
				GENERATE_INFOPLIST_FILE = YES;
				INFOPLIST_FILE = TaskManager/Info.plist;
				INFOPLIST_KEY_UIApplicationSupportsIndirectInputEvents = YES;
				INFOPLIST_KEY_UILaunchStoryboardName = LaunchScreen;
				INFOPLIST_KEY_UIMainStoryboardFile = "";
				INFOPLIST_KEY_UISupportedInterfaceOrientations_iPad = "UIInterfaceOrientationPortrait UIInterfaceOrientationPortraitUpsideDown UIInterfaceOrientationLandscapeLeft UIInterfaceOrientationLandscapeRight";
				INFOPLIST_KEY_UISupportedInterfaceOrientations_iPhone = "UIInterfaceOrientationPortrait UIInterfaceOrientationLandscapeLeft UIInterfaceOrientationLandscapeRight";
				IPHONEOS_DEPLOYMENT_TARGET = 15.0;
				LD_RUNPATH_SEARCH_PATHS = (
					"$(inherited)",
					"@executable_path/Frameworks",
				);
				MARKETING_VERSION = 1.0;
				PRODUCT_BUNDLE_IDENTIFIER = oldmaker.TaskManager;
				PRODUCT_NAME = "$(TARGET_NAME)";
				SWIFT_EMIT_LOC_STRINGS = YES;
				SWIFT_VERSION = 5.0;
				TARGETED_DEVICE_FAMILY = "1,2";
			};
			name = Release;
		};
/* End XCBuildConfiguration section */

/* Begin XCConfigurationList section */
		CD994CE9298A4A4800DE6B98 /* Build configuration list for PBXProject "TaskManager" */ = {
			isa = XCConfigurationList;
			buildConfigurations = (
				CD994D00298A4A4900DE6B98 /* Debug */,
				CD994D01298A4A4900DE6B98 /* Release */,
			);
			defaultConfigurationIsVisible = 0;
			defaultConfigurationName = Release;
		};
		CD994D02298A4A4900DE6B98 /* Build configuration list for PBXNativeTarget "TaskManager" */ = {
			isa = XCConfigurationList;
			buildConfigurations = (
				CD994D03298A4A4900DE6B98 /* Debug */,
				CD994D04298A4A4900DE6B98 /* Release */,
			);
			defaultConfigurationIsVisible = 0;
			defaultConfigurationName = Release;
		};
/* End XCConfigurationList section */
	};
	rootObject = CD994CE6298A4A4800DE6B98 /* Project object */;
}
